Microsoft Visual Studio Solution File, Format Version 12.00
# Visual Studio Version 16
VisualStudioVersion = 16.0.0.0
MinimumVisualStudioVersion = 16.0.0.0
Project("{9A19103F-16F7-4668-BE54-9A1E7A4F7556}") = "PasswordWallet.Server", "Server\PasswordWallet.Server.csproj", "{D44C6490-BD65-4F50-BE7C-38439DA56D24}"
EndProject
Project("{9A19103F-16F7-4668-BE54-9A1E7A4F7556}") = "PasswordWallet.Client", "Client\PasswordWallet.Client.csproj", "{BD19B106-AB28-455B-A40B-0FEA2977BAAD}"
EndProject
Project("{9A19103F-16F7-4668-BE54-9A1E7A4F7556}") = "PasswordWallet.Shared", "Shared\PasswordWallet.Shared.csproj", "{186C24E4-91EA-4DFB-90C0-E79B1561BDDF}"
EndProject
Project("{FAE04EC0-301F-11D3-BF4B-00C04F79EFBC}") = "PasswordWallet.UnitTests", "Tests\PasswordWallet.UnitTests.csproj", "{DC1443A4-EFF9-4520-9966-ACF1A3A1848E}"
EndProject
Global
	GlobalSection(SolutionConfigurationPlatforms) = preSolution
		Debug|Any CPU = Debug|Any CPU
		Debug|x64 = Debug|x64
		Debug|x86 = Debug|x86
		Release|Any CPU = Release|Any CPU
		Release|x64 = Release|x64
		Release|x86 = Release|x86
	EndGlobalSection
	GlobalSection(ProjectConfigurationPlatforms) = postSolution
		{BD19B106-AB28-455B-A40B-0FEA2977BAAD}.Debug|Any CPU.ActiveCfg = Debug|Any CPU
		{BD19B106-AB28-455B-A40B-0FEA2977BAAD}.Debug|Any CPU.Build.0 = Debug|Any CPU
		{BD19B106-AB28-455B-A40B-0FEA2977BAAD}.Debug|x64.ActiveCfg = Debug|Any CPU
		{BD19B106-AB28-455B-A40B-0FEA2977BAAD}.Debug|x64.Build.0 = Debug|Any CPU
		{BD19B106-AB28-455B-A40B-0FEA2977BAAD}.Debug|x86.ActiveCfg = Debug|Any CPU
		{BD19B106-AB28-455B-A40B-0FEA2977BAAD}.Debug|x86.Build.0 = Debug|Any CPU
		{BD19B106-AB28-455B-A40B-0FEA2977BAAD}.Release|Any CPU.ActiveCfg = Release|Any CPU
		{BD19B106-AB28-455B-A40B-0FEA2977BAAD}.Release|Any CPU.Build.0 = Release|Any CPU
		{BD19B106-AB28-455B-A40B-0FEA2977BAAD}.Release|x64.ActiveCfg = Release|Any CPU
		{BD19B106-AB28-455B-A40B-0FEA2977BAAD}.Release|x64.Build.0 = Release|Any CPU
		{BD19B106-AB28-455B-A40B-0FEA2977BAAD}.Release|x86.ActiveCfg = Release|Any CPU
		{BD19B106-AB28-455B-A40B-0FEA2977BAAD}.Release|x86.Build.0 = Release|Any CPU
		{D44C6490-BD65-4F50-BE7C-38439DA56D24}.Debug|Any CPU.ActiveCfg = Debug|Any CPU
		{D44C6490-BD65-4F50-BE7C-38439DA56D24}.Debug|Any CPU.Build.0 = Debug|Any CPU
		{D44C6490-BD65-4F50-BE7C-38439DA56D24}.Debug|x64.ActiveCfg = Debug|Any CPU
		{D44C6490-BD65-4F50-BE7C-38439DA56D24}.Debug|x64.Build.0 = Debug|Any CPU
		{D44C6490-BD65-4F50-BE7C-38439DA56D24}.Debug|x86.ActiveCfg = Debug|Any CPU
		{D44C6490-BD65-4F50-BE7C-38439DA56D24}.Debug|x86.Build.0 = Debug|Any CPU
		{D44C6490-BD65-4F50-BE7C-38439DA56D24}.Release|Any CPU.ActiveCfg = Release|Any CPU
		{D44C6490-BD65-4F50-BE7C-38439DA56D24}.Release|Any CPU.Build.0 = Release|Any CPU
		{D44C6490-BD65-4F50-BE7C-38439DA56D24}.Release|x64.ActiveCfg = Release|Any CPU
		{D44C6490-BD65-4F50-BE7C-38439DA56D24}.Release|x64.Build.0 = Release|Any CPU
		{D44C6490-BD65-4F50-BE7C-38439DA56D24}.Release|x86.ActiveCfg = Release|Any CPU
		{D44C6490-BD65-4F50-BE7C-38439DA56D24}.Release|x86.Build.0 = Release|Any CPU
		{186C24E4-91EA-4DFB-90C0-E79B1561BDDF}.Debug|Any CPU.ActiveCfg = Debug|Any CPU
		{186C24E4-91EA-4DFB-90C0-E79B1561BDDF}.Debug|Any CPU.Build.0 = Debug|Any CPU
		{186C24E4-91EA-4DFB-90C0-E79B1561BDDF}.Debug|x64.ActiveCfg = Debug|Any CPU
		{186C24E4-91EA-4DFB-90C0-E79B1561BDDF}.Debug|x64.Build.0 = Debug|Any CPU
		{186C24E4-91EA-4DFB-90C0-E79B1561BDDF}.Debug|x86.ActiveCfg = Debug|Any CPU
		{186C24E4-91EA-4DFB-90C0-E79B1561BDDF}.Debug|x86.Build.0 = Debug|Any CPU
		{186C24E4-91EA-4DFB-90C0-E79B1561BDDF}.Release|Any CPU.ActiveCfg = Release|Any CPU
		{186C24E4-91EA-4DFB-90C0-E79B1561BDDF}.Release|Any CPU.Build.0 = Release|Any CPU
		{186C24E4-91EA-4DFB-90C0-E79B1561BDDF}.Release|x64.ActiveCfg = Release|Any CPU
		{186C24E4-91EA-4DFB-90C0-E79B1561BDDF}.Release|x64.Build.0 = Release|Any CPU
		{186C24E4-91EA-4DFB-90C0-E79B1561BDDF}.Release|x86.ActiveCfg = Release|Any CPU
		{186C24E4-91EA-4DFB-90C0-E79B1561BDDF}.Release|x86.Build.0 = Release|Any CPU
		{DC1443A4-EFF9-4520-9966-ACF1A3A1848E}.Debug|Any CPU.ActiveCfg = Debug|Any CPU
		{DC1443A4-EFF9-4520-9966-ACF1A3A1848E}.Debug|Any CPU.Build.0 = Debug|Any CPU
		{DC1443A4-EFF9-4520-9966-ACF1A3A1848E}.Debug|x64.ActiveCfg = Debug|Any CPU
		{DC1443A4-EFF9-4520-9966-ACF1A3A1848E}.Debug|x64.Build.0 = Debug|Any CPU
		{DC1443A4-EFF9-4520-9966-ACF1A3A1848E}.Debug|x86.ActiveCfg = Debug|Any CPU
		{DC1443A4-EFF9-4520-9966-ACF1A3A1848E}.Debug|x86.Build.0 = Debug|Any CPU
		{DC1443A4-EFF9-4520-9966-ACF1A3A1848E}.Release|Any CPU.ActiveCfg = Release|Any CPU
		{DC1443A4-EFF9-4520-9966-ACF1A3A1848E}.Release|Any CPU.Build.0 = Release|Any CPU
		{DC1443A4-EFF9-4520-9966-ACF1A3A1848E}.Release|x64.ActiveCfg = Release|Any CPU
		{DC1443A4-EFF9-4520-9966-ACF1A3A1848E}.Release|x64.Build.0 = Release|Any CPU
		{DC1443A4-EFF9-4520-9966-ACF1A3A1848E}.Release|x86.ActiveCfg = Release|Any CPU
		{DC1443A4-EFF9-4520-9966-ACF1A3A1848E}.Release|x86.Build.0 = Release|Any CPU
	EndGlobalSection
	GlobalSection(SolutionProperties) = preSolution
		HideSolutionNode = FALSE
	EndGlobalSection
	GlobalSection(ExtensibilityGlobals) = postSolution
		SolutionGuid = {B3EAE6E1-EE1C-4C6A-A002-7F0DE8207CDE}
	EndGlobalSection
EndGlobal
